
Microsoft Visual Studio Solution File, Format Version 12.00
# Visual Studio 15
VisualStudioVersion = 15.0.28307.902
MinimumVisualStudioVersion = 10.0.40219.1
Project("{FAE04EC0-301F-11D3-BF4B-00C04F79EFBC}") = "YLee8785Assignment2", "YLee878Assignment2\YLee8785Assignment2.csproj", "{508560C1-0EFD-4E3F-96D1-F252A2AE8A23}"
EndProject
Project("{FAE04EC0-301F-11D3-BF4B-00C04F79EFBC}") = "YLee8785Assignment2.Tests", "YLee878Assignment2.Tests\YLee8785Assignment2.Tests.csproj", "{892089E9-A85C-40B4-9E68-A8C6C1068D26}"
EndProject
Global
	GlobalSection(SolutionConfigurationPlatforms) = preSolution
		Debug|Any CPU = Debug|Any CPU
		Release|Any CPU = Release|Any CPU
	EndGlobalSection
	GlobalSection(ProjectConfigurationPlatforms) = postSolution
		{508560C1-0EFD-4E3F-96D1-F252A2AE8A23}.Debug|Any CPU.ActiveCfg = Debug|Any CPU
		{508560C1-0EFD-4E3F-96D1-F252A2AE8A23}.Debug|Any CPU.Build.0 = Debug|Any CPU
		{508560C1-0EFD-4E3F-96D1-F252A2AE8A23}.Release|Any CPU.ActiveCfg = Release|Any CPU
		{508560C1-0EFD-4E3F-96D1-F252A2AE8A23}.Release|Any CPU.Build.0 = Release|Any CPU
		{892089E9-A85C-40B4-9E68-A8C6C1068D26}.Debug|Any CPU.ActiveCfg = Debug|Any CPU
		{892089E9-A85C-40B4-9E68-A8C6C1068D26}.Debug|Any CPU.Build.0 = Debug|Any CPU
		{892089E9-A85C-40B4-9E68-A8C6C1068D26}.Release|Any CPU.ActiveCfg = Release|Any CPU
		{892089E9-A85C-40B4-9E68-A8C6C1068D26}.Release|Any CPU.Build.0 = Release|Any CPU
	EndGlobalSection
	GlobalSection(SolutionProperties) = preSolution
		HideSolutionNode = FALSE
	EndGlobalSection
	GlobalSection(ExtensibilityGlobals) = postSolution
		SolutionGuid = {B5B7ACF0-BDBE-45A4-BD2A-71BA7FDCE523}
	EndGlobalSection
EndGlobal
